// !$*UTF8*$!
{
	archiveVersion = 1;
	classes = {
	};
	objectVersion = 46;
	objects = {

/* Begin PBXBuildFile section */
		91F7B6A11F28C3F70061D9CD /* main.m in Sources */ = {isa = PBXBuildFile; fileRef = 91F7B6A01F28C3F70061D9CD /* main.m */; };
		91F7B6A81F28C7EE0061D9CD /* variables.m in Sources */ = {isa = PBXBuildFile; fileRef = 91F7B6A71F28C7EE0061D9CD /* variables.m */; };
/* End PBXBuildFile section */

/* Begin PBXCopyFilesBuildPhase section */
		91F7B69B1F28C3F70061D9CD /* CopyFiles */ = {
			isa = PBXCopyFilesBuildPhase;
			buildActionMask = 2147483647;
			dstPath = /usr/share/man/man1/;
			dstSubfolderSpec = 0;
			files = (
			);
			runOnlyForDeploymentPostprocessing = 1;
		};
/* End PBXCopyFilesBuildPhase section */

/* Begin PBXFileReference section */
		91F7B69D1F28C3F70061D9CD /* Practice_OC */ = {isa = PBXFileReference; explicitFileType = "compiled.mach-o.executable"; includeInIndex = 0; path = Practice_OC; sourceTree = BUILT_PRODUCTS_DIR; };
		91F7B6A01F28C3F70061D9CD /* main.m */ = {isa = PBXFileReference; lastKnownFileType = sourcecode.c.objc; path = main.m; sourceTree = "<group>"; };
		91F7B6A71F28C7EE0061D9CD /* variables.m */ = {isa = PBXFileReference; fileEncoding = 4; lastKnownFileType = sourcecode.c.objc; path = variables.m; sourceTree = "<group>"; };
/* End PBXFileReference section */

/* Begin PBXFrameworksBuildPhase section */
		91F7B69A1F28C3F70061D9CD /* Frameworks */ = {
			isa = PBXFrameworksBuildPhase;
			buildActionMask = 2147483647;
			files = (
			);
			runOnlyForDeploymentPostprocessing = 0;
		};
/* End PBXFrameworksBuildPhase section */

/* Begin PBXGroup section */
		91F7B6941F28C3F70061D9CD = {
			isa = PBXGroup;
			children = (
				91F7B69F1F28C3F70061D9CD /* Practice_OC */,
				91F7B69E1F28C3F70061D9CD /* Products */,
			);
			sourceTree = "<group>";
		};
		91F7B69E1F28C3F70061D9CD /* Products */ = {
			isa = PBXGroup;
			children = (
				91F7B69D1F28C3F70061D9CD /* Practice_OC */,
			);
			name = Products;
			sourceTree = "<group>";
		};
		91F7B69F1F28C3F70061D9CD /* Practice_OC */ = {
			isa = PBXGroup;
			children = (
				91F7B6A01F28C3F70061D9CD /* main.m */,
				91F7B6A71F28C7EE0061D9CD /* variables.m */,
			);
			path = Practice_OC;
			sourceTree = "<group>";
		};
/* End PBXGroup section */

/* Begin PBXNativeTarget section */
		91F7B69C1F28C3F70061D9CD /* Practice_OC */ = {
			isa = PBXNativeTarget;
			buildConfigurationList = 91F7B6A41F28C3F70061D9CD /* Build configuration list for PBXNativeTarget "Practice_OC" */;
			buildPhases = (
				91F7B6991F28C3F70061D9CD /* Sources */,
				91F7B69A1F28C3F70061D9CD /* Frameworks */,
				91F7B69B1F28C3F70061D9CD /* CopyFiles */,
			);
			buildRules = (
			);
			dependencies = (
			);
			name = Practice_OC;
			productName = Practice_OC;
			productReference = 91F7B69D1F28C3F70061D9CD /* Practice_OC */;
			productType = "com.apple.product-type.tool";
		};
/* End PBXNativeTarget section */

/* Begin PBXProject section */
		91F7B6951F28C3F70061D9CD /* Project object */ = {
			isa = PBXProject;
			attributes = {
				LastUpgradeCheck = 0720;
				ORGANIZATIONNAME = "nuonuo-jtl";
				TargetAttributes = {
					91F7B69C1F28C3F70061D9CD = {
						CreatedOnToolsVersion = 7.2.1;
					};
				};
			};
			buildConfigurationList = 91F7B6981F28C3F70061D9CD /* Build configuration list for PBXProject "Practice_OC" */;
			compatibilityVersion = "Xcode 3.2";
			developmentRegion = English;
			hasScannedForEncodings = 0;
			knownRegions = (
				en,
			);
			mainGroup = 91F7B6941F28C3F70061D9CD;
			productRefGroup = 91F7B69E1F28C3F70061D9CD /* Products */;
			projectDirPath = "";
			projectRoot = "";
			targets = (
				91F7B69C1F28C3F70061D9CD /* Practice_OC */,
			);
		};
/* End PBXProject section */

/* Begin PBXSourcesBuildPhase section */
		91F7B6991F28C3F70061D9CD /* Sources */ = {
			isa = PBXSourcesBuildPhase;
			buildActionMask = 2147483647;
			files = (
				91F7B6A11F28C3F70061D9CD /* main.m in Sources */,
				91F7B6A81F28C7EE0061D9CD /* variables.m in Sources */,
			);
			runOnlyForDeploymentPostprocessing = 0;
		};
/* End PBXSourcesBuildPhase section */

/* Begin XCBuildConfiguration section */
		91F7B6A21F28C3F70061D9CD /* Debug */ = {
			isa = XCBuildConfiguration;
			buildSettings = {
				ALWAYS_SEARCH_USER_PATHS = NO;
				CLANG_CXX_LANGUAGE_STANDARD = "gnu++0x";
				CLANG_CXX_LIBRARY = "libc++";
				CLANG_ENABLE_MODULES = YES;
				CLANG_ENABLE_OBJC_ARC = YES;
				CLANG_WARN_BOOL_CONVERSION = YES;
				CLANG_WARN_CONSTANT_CONVERSION = YES;
				CLANG_WARN_DIRECT_OBJC_ISA_USAGE = YES_ERROR;
				CLANG_WARN_EMPTY_BODY = YES;
				CLANG_WARN_ENUM_CONVERSION = YES;
				CLANG_WARN_INT_CONVERSION = YES;
				CLANG_WARN_OBJC_ROOT_CLASS = YES_ERROR;
				CLANG_WARN_UNREACHABLE_CODE = YES;
				CLANG_WARN__DUPLICATE_METHOD_MATCH = YES;
				CODE_SIGN_IDENTITY = "-";
				COPY_PHASE_STRIP = NO;
				DEBUG_INFORMATION_FORMAT = dwarf;
				ENABLE_STRICT_OBJC_MSGSEND = YES;
				ENABLE_TESTABILITY = YES;
				GCC_C_LANGUAGE_STANDARD = gnu99;
				GCC_DYNAMIC_NO_PIC = NO;
				GCC_NO_COMMON_BLOCKS = YES;
				GCC_OPTIMIZATION_LEVEL = 0;
				GCC_PREPROCESSOR_DEFINITIONS = (
					"DEBUG=1",
					"$(inherited)",
				);
				GCC_WARN_64_TO_32_BIT_CONVERSION = YES;
				GCC_WARN_ABOUT_RETURN_TYPE = YES_ERROR;
				GCC_WARN_UNDECLARED_SELECTOR = YES;
				GCC_WARN_UNINITIALIZED_AUTOS = YES_AGGRESSIVE;
				GCC_WARN_UNUSED_FUNCTION = YES;
				GCC_WARN_UNUSED_VARIABLE = YES;
				MACOSX_DEPLOYMENT_TARGET = 10.10;
				MTL_ENABLE_DEBUG_INFO = YES;
				ONLY_ACTIVE_ARCH = YES;
				SDKROOT = macosx;
			};
			name = Debug;
		};
		91F7B6A31F28C3F70061D9CD /* Release */ = {
			isa = XCBuildConfiguration;
			buildSettings = {
				ALWAYS_SEARCH_USER_PATHS = NO;
				CLANG_CXX_LANGUAGE_STANDARD = "gnu++0x";
				CLANG_CXX_LIBRARY = "libc++";
				CLANG_ENABLE_MODULES = YES;
				CLANG_ENABLE_OBJC_ARC = YES;
				CLANG_WARN_BOOL_CONVERSION = YES;
				CLANG_WARN_CONSTANT_CONVERSION = YES;
				CLANG_WARN_DIRECT_OBJC_ISA_USAGE = YES_ERROR;
				CLANG_WARN_EMPTY_BODY = YES;
				CLANG_WARN_ENUM_CONVERSION = YES;
				CLANG_WARN_INT_CONVERSION = YES;
				CLANG_WARN_OBJC_ROOT_CLASS = YES_ERROR;
				CLANG_WARN_UNREACHABLE_CODE = YES;
				CLANG_WARN__DUPLICATE_METHOD_MATCH = YES;
				CODE_SIGN_IDENTITY = "-";
				COPY_PHASE_STRIP = NO;
				DEBUG_INFORMATION_FORMAT = "dwarf-with-dsym";
				ENABLE_NS_ASSERTIONS = NO;
				ENABLE_STRICT_OBJC_MSGSEND = YES;
				GCC_C_LANGUAGE_STANDARD = gnu99;
				GCC_NO_COMMON_BLOCKS = YES;
				GCC_WARN_64_TO_32_BIT_CONVERSION = YES;
				GCC_WARN_ABOUT_RETURN_TYPE = YES_ERROR;
				GCC_WARN_UNDECLARED_SELECTOR = YES;
				GCC_WARN_UNINITIALIZED_AUTOS = YES_AGGRESSIVE;
				GCC_WARN_UNUSED_FUNCTION = YES;
				GCC_WARN_UNUSED_VARIABLE = YES;
				MACOSX_DEPLOYMENT_TARGET = 10.10;
				MTL_ENABLE_DEBUG_INFO = NO;
				SDKROOT = macosx;
			};
			name = Release;
		};
		91F7B6A51F28C3F70061D9CD /* Debug */ = {
			isa = XCBuildConfiguration;
			buildSettings = {
				PRODUCT_NAME = "$(TARGET_NAME)";
			};
			name = Debug;
		};
		91F7B6A61F28C3F70061D9CD /* Release */ = {
			isa = XCBuildConfiguration;
			buildSettings = {
				PRODUCT_NAME = "$(TARGET_NAME)";
			};
			name = Release;
		};
/* End XCBuildConfiguration section */

/* Begin XCConfigurationList section */
		91F7B6981F28C3F70061D9CD /* Build configuration list for PBXProject "Practice_OC" */ = {
			isa = XCConfigurationList;
			buildConfigurations = (
				91F7B6A21F28C3F70061D9CD /* Debug */,
				91F7B6A31F28C3F70061D9CD /* Release */,
			);
			defaultConfigurationIsVisible = 0;
			defaultConfigurationName = Release;
		};
		91F7B6A41F28C3F70061D9CD /* Build configuration list for PBXNativeTarget "Practice_OC" */ = {
			isa = XCConfigurationList;
			buildConfigurations = (
				91F7B6A51F28C3F70061D9CD /* Debug */,
				91F7B6A61F28C3F70061D9CD /* Release */,
			);
			defaultConfigurationIsVisible = 0;
		};
/* End XCConfigurationList section */
	};
	rootObject = 91F7B6951F28C3F70061D9CD /* Project object */;
}
